// !$*UTF8*$!
{
	archiveVersion = 1;
	classes = {
	};
	objectVersion = 46;
	objects = {

/* Begin PBXBuildFile section */
		30B0C9CD18FC88DA009EDB44 /* MainViewController.m in Sources */ = {isa = PBXBuildFile; fileRef = 30B0C9CC18FC88DA009EDB44 /* MainViewController.m */; };
		30D3662918F728C3005845D9 /* Foundation.framework in Frameworks */ = {isa = PBXBuildFile; fileRef = 30D3662818F728C3005845D9 /* Foundation.framework */; };
		30D3662B18F728C3005845D9 /* CoreGraphics.framework in Frameworks */ = {isa = PBXBuildFile; fileRef = 30D3662A18F728C3005845D9 /* CoreGraphics.framework */; };
		30D3662D18F728C3005845D9 /* UIKit.framework in Frameworks */ = {isa = PBXBuildFile; fileRef = 30D3662C18F728C3005845D9 /* UIKit.framework */; };
		30D3663318F728C4005845D9 /* InfoPlist.strings in Resources */ = {isa = PBXBuildFile; fileRef = 30D3663118F728C4005845D9 /* InfoPlist.strings */; };
		30D3663518F728C4005845D9 /* main.m in Sources */ = {isa = PBXBuildFile; fileRef = 30D3663418F728C4005845D9 /* main.m */; };
		30D3663918F728C4005845D9 /* AppDelegate.m in Sources */ = {isa = PBXBuildFile; fileRef = 30D3663818F728C4005845D9 /* AppDelegate.m */; };
		30D3663C18F728C4005845D9 /* Main.storyboard in Resources */ = {isa = PBXBuildFile; fileRef = 30D3663A18F728C4005845D9 /* Main.storyboard */; };
		30D3664118F728C4005845D9 /* Images.xcassets in Resources */ = {isa = PBXBuildFile; fileRef = 30D3664018F728C4005845D9 /* Images.xcassets */; };
		30D3664818F728C4005845D9 /* XCTest.framework in Frameworks */ = {isa = PBXBuildFile; fileRef = 30D3664718F728C4005845D9 /* XCTest.framework */; };
		30D3664918F728C4005845D9 /* Foundation.framework in Frameworks */ = {isa = PBXBuildFile; fileRef = 30D3662818F728C3005845D9 /* Foundation.framework */; };
		30D3664A18F728C4005845D9 /* UIKit.framework in Frameworks */ = {isa = PBXBuildFile; fileRef = 30D3662C18F728C3005845D9 /* UIKit.framework */; };
		30D3665218F728C4005845D9 /* InfoPlist.strings in Resources */ = {isa = PBXBuildFile; fileRef = 30D3665018F728C4005845D9 /* InfoPlist.strings */; };
		30D3665418F728C4005845D9 /* AuthExampleTests.m in Sources */ = {isa = PBXBuildFile; fileRef = 30D3665318F728C4005845D9 /* AuthExampleTests.m */; };
		30D3666118F728E7005845D9 /* LoginViewController.m in Sources */ = {isa = PBXBuildFile; fileRef = 30D3665E18F728E7005845D9 /* LoginViewController.m */; };
		30D3666218F728E7005845D9 /* SignupViewController.m in Sources */ = {isa = PBXBuildFile; fileRef = 30D3666018F728E7005845D9 /* SignupViewController.m */; };
		D1DF4AFBF69C4FD09576F36A /* libPods.a in Frameworks */ = {isa = PBXBuildFile; fileRef = 2F3821B6131F4DDBB88FD143 /* libPods.a */; };
/* End PBXBuildFile section */

/* Begin PBXContainerItemProxy section */
		30D3664B18F728C4005845D9 /* PBXContainerItemProxy */ = {
			isa = PBXContainerItemProxy;
			containerPortal = 30D3661D18F728C3005845D9 /* Project object */;
			proxyType = 1;
			remoteGlobalIDString = 30D3662418F728C3005845D9;
			remoteInfo = AuthExample;
		};
/* End PBXContainerItemProxy section */

/* Begin PBXFileReference section */
		2F3821B6131F4DDBB88FD143 /* libPods.a */ = {isa = PBXFileReference; explicitFileType = archive.ar; includeInIndex = 0; path = libPods.a; sourceTree = BUILT_PRODUCTS_DIR; };
		30B0C9CB18FC88DA009EDB44 /* MainViewController.h */ = {isa = PBXFileReference; fileEncoding = 4; lastKnownFileType = sourcecode.c.h; path = MainViewController.h; sourceTree = "<group>"; };
		30B0C9CC18FC88DA009EDB44 /* MainViewController.m */ = {isa = PBXFileReference; fileEncoding = 4; lastKnownFileType = sourcecode.c.objc; path = MainViewController.m; sourceTree = "<group>"; };
		30D3662518F728C3005845D9 /* AuthExample.app */ = {isa = PBXFileReference; explicitFileType = wrapper.application; includeInIndex = 0; path = AuthExample.app; sourceTree = BUILT_PRODUCTS_DIR; };
		30D3662818F728C3005845D9 /* Foundation.framework */ = {isa = PBXFileReference; lastKnownFileType = wrapper.framework; name = Foundation.framework; path = System/Library/Frameworks/Foundation.framework; sourceTree = SDKROOT; };
		30D3662A18F728C3005845D9 /* CoreGraphics.framework */ = {isa = PBXFileReference; lastKnownFileType = wrapper.framework; name = CoreGraphics.framework; path = System/Library/Frameworks/CoreGraphics.framework; sourceTree = SDKROOT; };
		30D3662C18F728C3005845D9 /* UIKit.framework */ = {isa = PBXFileReference; lastKnownFileType = wrapper.framework; name = UIKit.framework; path = System/Library/Frameworks/UIKit.framework; sourceTree = SDKROOT; };
		30D3663018F728C4005845D9 /* AuthExample-Info.plist */ = {isa = PBXFileReference; lastKnownFileType = text.plist.xml; path = "AuthExample-Info.plist"; sourceTree = "<group>"; };
		30D3663218F728C4005845D9 /* en */ = {isa = PBXFileReference; lastKnownFileType = text.plist.strings; name = en; path = en.lproj/InfoPlist.strings; sourceTree = "<group>"; };
		30D3663418F728C4005845D9 /* main.m */ = {isa = PBXFileReference; lastKnownFileType = sourcecode.c.objc; path = main.m; sourceTree = "<group>"; };
		30D3663618F728C4005845D9 /* AuthExample-Prefix.pch */ = {isa = PBXFileReference; lastKnownFileType = sourcecode.c.h; path = "AuthExample-Prefix.pch"; sourceTree = "<group>"; };
		30D3663718F728C4005845D9 /* AppDelegate.h */ = {isa = PBXFileReference; lastKnownFileType = sourcecode.c.h; path = AppDelegate.h; sourceTree = "<group>"; };
		30D3663818F728C4005845D9 /* AppDelegate.m */ = {isa = PBXFileReference; lastKnownFileType = sourcecode.c.objc; path = AppDelegate.m; sourceTree = "<group>"; };
		30D3663B18F728C4005845D9 /* Base */ = {isa = PBXFileReference; lastKnownFileType = file.storyboard; name = Base; path = Base.lproj/Main.storyboard; sourceTree = "<group>"; };
		30D3664018F728C4005845D9 /* Images.xcassets */ = {isa = PBXFileReference; lastKnownFileType = folder.assetcatalog; path = Images.xcassets; sourceTree = "<group>"; };
		30D3664618F728C4005845D9 /* AuthExampleTests.xctest */ = {isa = PBXFileReference; explicitFileType = wrapper.cfbundle; includeInIndex = 0; path = AuthExampleTests.xctest; sourceTree = BUILT_PRODUCTS_DIR; };
		30D3664718F728C4005845D9 /* XCTest.framework */ = {isa = PBXFileReference; lastKnownFileType = wrapper.framework; name = XCTest.framework; path = Library/Frameworks/XCTest.framework; sourceTree = DEVELOPER_DIR; };
		30D3664F18F728C4005845D9 /* AuthExampleTests-Info.plist */ = {isa = PBXFileReference; lastKnownFileType = text.plist.xml; path = "AuthExampleTests-Info.plist"; sourceTree = "<group>"; };
		30D3665118F728C4005845D9 /* en */ = {isa = PBXFileReference; lastKnownFileType = text.plist.strings; name = en; path = en.lproj/InfoPlist.strings; sourceTree = "<group>"; };
		30D3665318F728C4005845D9 /* AuthExampleTests.m */ = {isa = PBXFileReference; lastKnownFileType = sourcecode.c.objc; path = AuthExampleTests.m; sourceTree = "<group>"; };
		30D3665D18F728E7005845D9 /* LoginViewController.h */ = {isa = PBXFileReference; fileEncoding = 4; lastKnownFileType = sourcecode.c.h; path = LoginViewController.h; sourceTree = "<group>"; };
		30D3665E18F728E7005845D9 /* LoginViewController.m */ = {isa = PBXFileReference; fileEncoding = 4; lastKnownFileType = sourcecode.c.objc; path = LoginViewController.m; sourceTree = "<group>"; };
		30D3665F18F728E7005845D9 /* SignupViewController.h */ = {isa = PBXFileReference; fileEncoding = 4; lastKnownFileType = sourcecode.c.h; path = SignupViewController.h; sourceTree = "<group>"; };
		30D3666018F728E7005845D9 /* SignupViewController.m */ = {isa = PBXFileReference; fileEncoding = 4; lastKnownFileType = sourcecode.c.objc; path = SignupViewController.m; sourceTree = "<group>"; };
		30D3666318F72BBD005845D9 /* constants.h */ = {isa = PBXFileReference; lastKnownFileType = sourcecode.c.h; name = constants.h; path = ../constants.h; sourceTree = "<group>"; };
		6BD8433A26BE46AB868654FB /* Pods.xcconfig */ = {isa = PBXFileReference; includeInIndex = 1; lastKnownFileType = text.xcconfig; name = Pods.xcconfig; path = Pods/Pods.xcconfig; sourceTree = "<group>"; };
/* End PBXFileReference section */

/* Begin PBXFrameworksBuildPhase section */
		30D3662218F728C3005845D9 /* Frameworks */ = {
			isa = PBXFrameworksBuildPhase;
			buildActionMask = 2147483647;
			files = (
				30D3662B18F728C3005845D9 /* CoreGraphics.framework in Frameworks */,
				30D3662D18F728C3005845D9 /* UIKit.framework in Frameworks */,
				30D3662918F728C3005845D9 /* Foundation.framework in Frameworks */,
				D1DF4AFBF69C4FD09576F36A /* libPods.a in Frameworks */,
			);
			runOnlyForDeploymentPostprocessing = 0;
		};
		30D3664318F728C4005845D9 /* Frameworks */ = {
			isa = PBXFrameworksBuildPhase;
			buildActionMask = 2147483647;
			files = (
				30D3664818F728C4005845D9 /* XCTest.framework in Frameworks */,
				30D3664A18F728C4005845D9 /* UIKit.framework in Frameworks */,
				30D3664918F728C4005845D9 /* Foundation.framework in Frameworks */,
			);
			runOnlyForDeploymentPostprocessing = 0;
		};
/* End PBXFrameworksBuildPhase section */

/* Begin PBXGroup section */
		30D3661C18F728C3005845D9 = {
			isa = PBXGroup;
			children = (
				30D3662E18F728C4005845D9 /* AuthExample */,
				30D3664D18F728C4005845D9 /* AuthExampleTests */,
				30D3662718F728C3005845D9 /* Frameworks */,
				30D3662618F728C3005845D9 /* Products */,
				6BD8433A26BE46AB868654FB /* Pods.xcconfig */,
			);
			sourceTree = "<group>";
		};
		30D3662618F728C3005845D9 /* Products */ = {
			isa = PBXGroup;
			children = (
				30D3662518F728C3005845D9 /* AuthExample.app */,
				30D3664618F728C4005845D9 /* AuthExampleTests.xctest */,
			);
			name = Products;
			sourceTree = "<group>";
		};
		30D3662718F728C3005845D9 /* Frameworks */ = {
			isa = PBXGroup;
			children = (
				30D3662818F728C3005845D9 /* Foundation.framework */,
				30D3662A18F728C3005845D9 /* CoreGraphics.framework */,
				30D3662C18F728C3005845D9 /* UIKit.framework */,
				30D3664718F728C4005845D9 /* XCTest.framework */,
				2F3821B6131F4DDBB88FD143 /* libPods.a */,
			);
			name = Frameworks;
			sourceTree = "<group>";
		};
		30D3662E18F728C4005845D9 /* AuthExample */ = {
			isa = PBXGroup;
			children = (
				30D3663718F728C4005845D9 /* AppDelegate.h */,
				30D3663818F728C4005845D9 /* AppDelegate.m */,
				30D3663A18F728C4005845D9 /* Main.storyboard */,
				30D3665D18F728E7005845D9 /* LoginViewController.h */,
				30D3665E18F728E7005845D9 /* LoginViewController.m */,
				30D3665F18F728E7005845D9 /* SignupViewController.h */,
				30D3666018F728E7005845D9 /* SignupViewController.m */,
				30D3664018F728C4005845D9 /* Images.xcassets */,
				30D3666318F72BBD005845D9 /* constants.h */,
				30D3662F18F728C4005845D9 /* Supporting Files */,
				30B0C9CB18FC88DA009EDB44 /* MainViewController.h */,
				30B0C9CC18FC88DA009EDB44 /* MainViewController.m */,
			);
			path = AuthExample;
			sourceTree = "<group>";
		};
		30D3662F18F728C4005845D9 /* Supporting Files */ = {
			isa = PBXGroup;
			children = (
				30D3663018F728C4005845D9 /* AuthExample-Info.plist */,
				30D3663118F728C4005845D9 /* InfoPlist.strings */,
				30D3663418F728C4005845D9 /* main.m */,
				30D3663618F728C4005845D9 /* AuthExample-Prefix.pch */,
			);
			name = "Supporting Files";
			sourceTree = "<group>";
		};
		30D3664D18F728C4005845D9 /* AuthExampleTests */ = {
			isa = PBXGroup;
			children = (
				30D3665318F728C4005845D9 /* AuthExampleTests.m */,
				30D3664E18F728C4005845D9 /* Supporting Files */,
			);
			path = AuthExampleTests;
			sourceTree = "<group>";
		};
		30D3664E18F728C4005845D9 /* Supporting Files */ = {
			isa = PBXGroup;
			children = (
				30D3664F18F728C4005845D9 /* AuthExampleTests-Info.plist */,
				30D3665018F728C4005845D9 /* InfoPlist.strings */,
			);
			name = "Supporting Files";
			sourceTree = "<group>";
		};
/* End PBXGroup section */

/* Begin PBXNativeTarget section */
		30D3662418F728C3005845D9 /* AuthExample */ = {
			isa = PBXNativeTarget;
			buildConfigurationList = 30D3665718F728C4005845D9 /* Build configuration list for PBXNativeTarget "AuthExample" */;
			buildPhases = (
				EF85EDD3BEC94A67AE3299F3 /* Check Pods Manifest.lock */,
				30D3662118F728C3005845D9 /* Sources */,
				30D3662218F728C3005845D9 /* Frameworks */,
				30D3662318F728C3005845D9 /* Resources */,
				9808D50B257D4AE4B4CE1AF4 /* Copy Pods Resources */,
			);
			buildRules = (
			);
			dependencies = (
			);
			name = AuthExample;
			productName = AuthExample;
			productReference = 30D3662518F728C3005845D9 /* AuthExample.app */;
			productType = "com.apple.product-type.application";
		};
		30D3664518F728C4005845D9 /* AuthExampleTests */ = {
			isa = PBXNativeTarget;
			buildConfigurationList = 30D3665A18F728C4005845D9 /* Build configuration list for PBXNativeTarget "AuthExampleTests" */;
			buildPhases = (
				30D3664218F728C4005845D9 /* Sources */,
				30D3664318F728C4005845D9 /* Frameworks */,
				30D3664418F728C4005845D9 /* Resources */,
			);
			buildRules = (
			);
			dependencies = (
				30D3664C18F728C4005845D9 /* PBXTargetDependency */,
			);
			name = AuthExampleTests;
			productName = AuthExampleTests;
			productReference = 30D3664618F728C4005845D9 /* AuthExampleTests.xctest */;
			productType = "com.apple.product-type.bundle.unit-test";
		};
/* End PBXNativeTarget section */

/* Begin PBXProject section */
		30D3661D18F728C3005845D9 /* Project object */ = {
			isa = PBXProject;
			attributes = {
				LastUpgradeCheck = 0510;
				ORGANIZATIONNAME = "Zakaria Braksa";
				TargetAttributes = {
					30D3664518F728C4005845D9 = {
						TestTargetID = 30D3662418F728C3005845D9;
					};
				};
			};
			buildConfigurationList = 30D3662018F728C3005845D9 /* Build configuration list for PBXProject "AuthExample" */;
			compatibilityVersion = "Xcode 3.2";
			developmentRegion = English;
			hasScannedForEncodings = 0;
			knownRegions = (
				en,
				Base,
			);
			mainGroup = 30D3661C18F728C3005845D9;
			productRefGroup = 30D3662618F728C3005845D9 /* Products */;
			projectDirPath = "";
			projectRoot = "";
			targets = (
				30D3662418F728C3005845D9 /* AuthExample */,
				30D3664518F728C4005845D9 /* AuthExampleTests */,
			);
		};
/* End PBXProject section */

/* Begin PBXResourcesBuildPhase section */
		30D3662318F728C3005845D9 /* Resources */ = {
			isa = PBXResourcesBuildPhase;
			buildActionMask = 2147483647;
			files = (
				30D3664118F728C4005845D9 /* Images.xcassets in Resources */,
				30D3663318F728C4005845D9 /* InfoPlist.strings in Resources */,
				30D3663C18F728C4005845D9 /* Main.storyboard in Resources */,
			);
			runOnlyForDeploymentPostprocessing = 0;
		};
		30D3664418F728C4005845D9 /* Resources */ = {
			isa = PBXResourcesBuildPhase;
			buildActionMask = 2147483647;
			files = (
				30D3665218F728C4005845D9 /* InfoPlist.strings in Resources */,
			);
			runOnlyForDeploymentPostprocessing = 0;
		};
/* End PBXResourcesBuildPhase section */

/* Begin PBXShellScriptBuildPhase section */
		9808D50B257D4AE4B4CE1AF4 /* Copy Pods Resources */ = {
			isa = PBXShellScriptBuildPhase;
			buildActionMask = 2147483647;
			files = (
			);
			inputPaths = (
			);
			name = "Copy Pods Resources";
			outputPaths = (
			);
			runOnlyForDeploymentPostprocessing = 0;
			shellPath = /bin/sh;
			shellScript = "\"${SRCROOT}/Pods/Pods-resources.sh\"\n";
			showEnvVarsInLog = 0;
		};
		EF85EDD3BEC94A67AE3299F3 /* Check Pods Manifest.lock */ = {
			isa = PBXShellScriptBuildPhase;
			buildActionMask = 2147483647;
			files = (
			);
			inputPaths = (
			);
			name = "Check Pods Manifest.lock";
			outputPaths = (
			);
			runOnlyForDeploymentPostprocessing = 0;
			shellPath = /bin/sh;
			shellScript = "diff \"${PODS_ROOT}/../Podfile.lock\" \"${PODS_ROOT}/Manifest.lock\" > /dev/null\nif [[ $? != 0 ]] ; then\n    cat << EOM\nerror: The sandbox is not in sync with the Podfile.lock. Run 'pod install' or update your CocoaPods installation.\nEOM\n    exit 1\nfi\n";
			showEnvVarsInLog = 0;
		};
/* End PBXShellScriptBuildPhase section */

/* Begin PBXSourcesBuildPhase section */
		30D3662118F728C3005845D9 /* Sources */ = {
			isa = PBXSourcesBuildPhase;
			buildActionMask = 2147483647;
			files = (
				30D3666118F728E7005845D9 /* LoginViewController.m in Sources */,
				30D3663918F728C4005845D9 /* AppDelegate.m in Sources */,
				30D3663518F728C4005845D9 /* main.m in Sources */,
				30B0C9CD18FC88DA009EDB44 /* MainViewController.m in Sources */,
				30D3666218F728E7005845D9 /* SignupViewController.m in Sources */,
			);
			runOnlyForDeploymentPostprocessing = 0;
		};
		30D3664218F728C4005845D9 /* Sources */ = {
			isa = PBXSourcesBuildPhase;
			buildActionMask = 2147483647;
			files = (
				30D3665418F728C4005845D9 /* AuthExampleTests.m in Sources */,
			);
			runOnlyForDeploymentPostprocessing = 0;
		};
/* End PBXSourcesBuildPhase section */

/* Begin PBXTargetDependency section */
		30D3664C18F728C4005845D9 /* PBXTargetDependency */ = {
			isa = PBXTargetDependency;
			target = 30D3662418F728C3005845D9 /* AuthExample */;
			targetProxy = 30D3664B18F728C4005845D9 /* PBXContainerItemProxy */;
		};
/* End PBXTargetDependency section */

/* Begin PBXVariantGroup section */
		30D3663118F728C4005845D9 /* InfoPlist.strings */ = {
			isa = PBXVariantGroup;
			children = (
				30D3663218F728C4005845D9 /* en */,
			);
			name = InfoPlist.strings;
			sourceTree = "<group>";
		};
		30D3663A18F728C4005845D9 /* Main.storyboard */ = {
			isa = PBXVariantGroup;
			children = (
				30D3663B18F728C4005845D9 /* Base */,
			);
			name = Main.storyboard;
			sourceTree = "<group>";
		};
		30D3665018F728C4005845D9 /* InfoPlist.strings */ = {
			isa = PBXVariantGroup;
			children = (
				30D3665118F728C4005845D9 /* en */,
			);
			name = InfoPlist.strings;
			sourceTree = "<group>";
		};
/* End PBXVariantGroup section */

/* Begin XCBuildConfiguration section */
		30D3665518F728C4005845D9 /* Debug */ = {
			isa = XCBuildConfiguration;
			buildSettings = {
				ALWAYS_SEARCH_USER_PATHS = NO;
				CLANG_CXX_LANGUAGE_STANDARD = "gnu++0x";
				CLANG_CXX_LIBRARY = "libc++";
				CLANG_ENABLE_MODULES = YES;
				CLANG_ENABLE_OBJC_ARC = YES;
				CLANG_WARN_BOOL_CONVERSION = YES;
				CLANG_WARN_CONSTANT_CONVERSION = YES;
				CLANG_WARN_DIRECT_OBJC_ISA_USAGE = YES_ERROR;
				CLANG_WARN_EMPTY_BODY = YES;
				CLANG_WARN_ENUM_CONVERSION = YES;
				CLANG_WARN_INT_CONVERSION = YES;
				CLANG_WARN_OBJC_ROOT_CLASS = YES_ERROR;
				CLANG_WARN__DUPLICATE_METHOD_MATCH = YES;
				"CODE_SIGN_IDENTITY[sdk=iphoneos*]" = "iPhone Developer";
				COPY_PHASE_STRIP = NO;
				GCC_C_LANGUAGE_STANDARD = gnu99;
				GCC_DYNAMIC_NO_PIC = NO;
				GCC_OPTIMIZATION_LEVEL = 0;
				GCC_PREPROCESSOR_DEFINITIONS = (
					"DEBUG=1",
					"$(inherited)",
				);
				GCC_SYMBOLS_PRIVATE_EXTERN = NO;
				GCC_WARN_64_TO_32_BIT_CONVERSION = YES;
				GCC_WARN_ABOUT_RETURN_TYPE = YES_ERROR;
				GCC_WARN_UNDECLARED_SELECTOR = YES;
				GCC_WARN_UNINITIALIZED_AUTOS = YES_AGGRESSIVE;
				GCC_WARN_UNUSED_FUNCTION = YES;
				GCC_WARN_UNUSED_VARIABLE = YES;
				IPHONEOS_DEPLOYMENT_TARGET = 7.1;
				ONLY_ACTIVE_ARCH = YES;
				SDKROOT = iphoneos;
			};
			name = Debug;
		};
		30D3665618F728C4005845D9 /* Release */ = {
			isa = XCBuildConfiguration;
			buildSettings = {
				ALWAYS_SEARCH_USER_PATHS = NO;
				CLANG_CXX_LANGUAGE_STANDARD = "gnu++0x";
				CLANG_CXX_LIBRARY = "libc++";
				CLANG_ENABLE_MODULES = YES;
				CLANG_ENABLE_OBJC_ARC = YES;
				CLANG_WARN_BOOL_CONVERSION = YES;
				CLANG_WARN_CONSTANT_CONVERSION = YES;
				CLANG_WARN_DIRECT_OBJC_ISA_USAGE = YES_ERROR;
				CLANG_WARN_EMPTY_BODY = YES;
				CLANG_WARN_ENUM_CONVERSION = YES;
				CLANG_WARN_INT_CONVERSION = YES;
				CLANG_WARN_OBJC_ROOT_CLASS = YES_ERROR;
				CLANG_WARN__DUPLICATE_METHOD_MATCH = YES;
				"CODE_SIGN_IDENTITY[sdk=iphoneos*]" = "iPhone Developer";
				COPY_PHASE_STRIP = YES;
				ENABLE_NS_ASSERTIONS = NO;
				GCC_C_LANGUAGE_STANDARD = gnu99;
				GCC_WARN_64_TO_32_BIT_CONVERSION = YES;
				GCC_WARN_ABOUT_RETURN_TYPE = YES_ERROR;
				GCC_WARN_UNDECLARED_SELECTOR = YES;
				GCC_WARN_UNINITIALIZED_AUTOS = YES_AGGRESSIVE;
				GCC_WARN_UNUSED_FUNCTION = YES;
				GCC_WARN_UNUSED_VARIABLE = YES;
				IPHONEOS_DEPLOYMENT_TARGET = 7.1;
				SDKROOT = iphoneos;
				VALIDATE_PRODUCT = YES;
			};
			name = Release;
		};
		30D3665818F728C4005845D9 /* Debug */ = {
			isa = XCBuildConfiguration;
			baseConfigurationReference = 6BD8433A26BE46AB868654FB /* Pods.xcconfig */;
			buildSettings = {
				ASSETCATALOG_COMPILER_APPICON_NAME = AppIcon;
				ASSETCATALOG_COMPILER_LAUNCHIMAGE_NAME = LaunchImage;
				GCC_PRECOMPILE_PREFIX_HEADER = YES;
				GCC_PREFIX_HEADER = "AuthExample/AuthExample-Prefix.pch";
				INFOPLIST_FILE = "AuthExample/AuthExample-Info.plist";
				PRODUCT_NAME = "$(TARGET_NAME)";
				WRAPPER_EXTENSION = app;
			};
			name = Debug;
		};
		30D3665918F728C4005845D9 /* Release */ = {
			isa = XCBuildConfiguration;
			baseConfigurationReference = 6BD8433A26BE46AB868654FB /* Pods.xcconfig */;
			buildSettings = {
				ASSETCATALOG_COMPILER_APPICON_NAME = AppIcon;
				ASSETCATALOG_COMPILER_LAUNCHIMAGE_NAME = LaunchImage;
				GCC_PRECOMPILE_PREFIX_HEADER = YES;
				GCC_PREFIX_HEADER = "AuthExample/AuthExample-Prefix.pch";
				INFOPLIST_FILE = "AuthExample/AuthExample-Info.plist";
				PRODUCT_NAME = "$(TARGET_NAME)";
				WRAPPER_EXTENSION = app;
			};
			name = Release;
		};
		30D3665B18F728C4005845D9 /* Debug */ = {
			isa = XCBuildConfiguration;
			buildSettings = {
				BUNDLE_LOADER = "$(BUILT_PRODUCTS_DIR)/AuthExample.app/AuthExample";
				FRAMEWORK_SEARCH_PATHS = (
					"$(SDKROOT)/Developer/Library/Frameworks",
					"$(inherited)",
					"$(DEVELOPER_FRAMEWORKS_DIR)",
				);
				GCC_PRECOMPILE_PREFIX_HEADER = YES;
				GCC_PREFIX_HEADER = "AuthExample/AuthExample-Prefix.pch";
				GCC_PREPROCESSOR_DEFINITIONS = (
					"DEBUG=1",
					"$(inherited)",
				);
				INFOPLIST_FILE = "AuthExampleTests/AuthExampleTests-Info.plist";
				PRODUCT_NAME = "$(TARGET_NAME)";
				TEST_HOST = "$(BUNDLE_LOADER)";
				WRAPPER_EXTENSION = xctest;
			};
			name = Debug;
		};
		30D3665C18F728C4005845D9 /* Release */ = {
			isa = XCBuildConfiguration;
			buildSettings = {
				BUNDLE_LOADER = "$(BUILT_PRODUCTS_DIR)/AuthExample.app/AuthExample";
				FRAMEWORK_SEARCH_PATHS = (
					"$(SDKROOT)/Developer/Library/Frameworks",
					"$(inherited)",
					"$(DEVELOPER_FRAMEWORKS_DIR)",
				);
				GCC_PRECOMPILE_PREFIX_HEADER = YES;
				GCC_PREFIX_HEADER = "AuthExample/AuthExample-Prefix.pch";
				INFOPLIST_FILE = "AuthExampleTests/AuthExampleTests-Info.plist";
				PRODUCT_NAME = "$(TARGET_NAME)";
				TEST_HOST = "$(BUNDLE_LOADER)";
				WRAPPER_EXTENSION = xctest;
			};
			name = Release;
		};
/* End XCBuildConfiguration section */

/* Begin XCConfigurationList section */
		30D3662018F728C3005845D9 /* Build configuration list for PBXProject "AuthExample" */ = {
			isa = XCConfigurationList;
			buildConfigurations = (
				30D3665518F728C4005845D9 /* Debug */,
				30D3665618F728C4005845D9 /* Release */,
			);
			defaultConfigurationIsVisible = 0;
			defaultConfigurationName = Release;
		};
		30D3665718F728C4005845D9 /* Build configuration list for PBXNativeTarget "AuthExample" */ = {
			isa = XCConfigurationList;
			buildConfigurations = (
				30D3665818F728C4005845D9 /* Debug */,
				30D3665918F728C4005845D9 /* Release */,
			);
			defaultConfigurationIsVisible = 0;
			defaultConfigurationName = Release;
		};
		30D3665A18F728C4005845D9 /* Build configuration list for PBXNativeTarget "AuthExampleTests" */ = {
			isa = XCConfigurationList;
			buildConfigurations = (
				30D3665B18F728C4005845D9 /* Debug */,
				30D3665C18F728C4005845D9 /* Release */,
			);
			defaultConfigurationIsVisible = 0;
			defaultConfigurationName = Release;
		};
/* End XCConfigurationList section */
	};
	rootObject = 30D3661D18F728C3005845D9 /* Project object */;
}
